
Microsoft Visual Studio Solution File, Format Version 12.00
# Visual Studio 15
VisualStudioVersion = 15.0.28307.271
MinimumVisualStudioVersion = 10.0.40219.1
Project("{FAE04EC0-301F-11D3-BF4B-00C04F79EFBC}") = "IdentityTutorialNCapas", "IdentityTutorialNCapas\IdentityTutorialNCapas.csproj", "{3B72CEC0-FB86-4117-8446-7310B2784162}"
EndProject
Project("{FAE04EC0-301F-11D3-BF4B-00C04F79EFBC}") = "Services", "Services\Services.csproj", "{AD3CC5A8-39F9-4B52-8AC4-DF9B4AD3FF16}"
EndProject
Project("{FAE04EC0-301F-11D3-BF4B-00C04F79EFBC}") = "Persistence", "Persistence\Persistence.csproj", "{72A91AE1-657A-43EE-AD5A-E439DBEE9033}"
EndProject
Project("{FAE04EC0-301F-11D3-BF4B-00C04F79EFBC}") = "Models", "Models\Models.csproj", "{61A54EC2-1DD5-4FEC-973C-8723A72AA52C}"
EndProject
Project("{FAE04EC0-301F-11D3-BF4B-00C04F79EFBC}") = "Common", "Common\Common.csproj", "{7644A3A0-3DE7-4B7B-A7F0-26C91D76FC55}"
EndProject
Global
	GlobalSection(SolutionConfigurationPlatforms) = preSolution
		Debug|Any CPU = Debug|Any CPU
		Release|Any CPU = Release|Any CPU
	EndGlobalSection
	GlobalSection(ProjectConfigurationPlatforms) = postSolution
		{3B72CEC0-FB86-4117-8446-7310B2784162}.Debug|Any CPU.ActiveCfg = Debug|Any CPU
		{3B72CEC0-FB86-4117-8446-7310B2784162}.Debug|Any CPU.Build.0 = Debug|Any CPU
		{3B72CEC0-FB86-4117-8446-7310B2784162}.Release|Any CPU.ActiveCfg = Release|Any CPU
		{3B72CEC0-FB86-4117-8446-7310B2784162}.Release|Any CPU.Build.0 = Release|Any CPU
		{AD3CC5A8-39F9-4B52-8AC4-DF9B4AD3FF16}.Debug|Any CPU.ActiveCfg = Debug|Any CPU
		{AD3CC5A8-39F9-4B52-8AC4-DF9B4AD3FF16}.Debug|Any CPU.Build.0 = Debug|Any CPU
		{AD3CC5A8-39F9-4B52-8AC4-DF9B4AD3FF16}.Release|Any CPU.ActiveCfg = Release|Any CPU
		{AD3CC5A8-39F9-4B52-8AC4-DF9B4AD3FF16}.Release|Any CPU.Build.0 = Release|Any CPU
		{72A91AE1-657A-43EE-AD5A-E439DBEE9033}.Debug|Any CPU.ActiveCfg = Debug|Any CPU
		{72A91AE1-657A-43EE-AD5A-E439DBEE9033}.Debug|Any CPU.Build.0 = Debug|Any CPU
		{72A91AE1-657A-43EE-AD5A-E439DBEE9033}.Release|Any CPU.ActiveCfg = Release|Any CPU
		{72A91AE1-657A-43EE-AD5A-E439DBEE9033}.Release|Any CPU.Build.0 = Release|Any CPU
		{61A54EC2-1DD5-4FEC-973C-8723A72AA52C}.Debug|Any CPU.ActiveCfg = Debug|Any CPU
		{61A54EC2-1DD5-4FEC-973C-8723A72AA52C}.Debug|Any CPU.Build.0 = Debug|Any CPU
		{61A54EC2-1DD5-4FEC-973C-8723A72AA52C}.Release|Any CPU.ActiveCfg = Release|Any CPU
		{61A54EC2-1DD5-4FEC-973C-8723A72AA52C}.Release|Any CPU.Build.0 = Release|Any CPU
		{7644A3A0-3DE7-4B7B-A7F0-26C91D76FC55}.Debug|Any CPU.ActiveCfg = Debug|Any CPU
		{7644A3A0-3DE7-4B7B-A7F0-26C91D76FC55}.Debug|Any CPU.Build.0 = Debug|Any CPU
		{7644A3A0-3DE7-4B7B-A7F0-26C91D76FC55}.Release|Any CPU.ActiveCfg = Release|Any CPU
		{7644A3A0-3DE7-4B7B-A7F0-26C91D76FC55}.Release|Any CPU.Build.0 = Release|Any CPU
	EndGlobalSection
	GlobalSection(SolutionProperties) = preSolution
		HideSolutionNode = FALSE
	EndGlobalSection
	GlobalSection(ExtensibilityGlobals) = postSolution
		SolutionGuid = {01C33C94-841F-47D0-BCEF-4CA231499BF1}
	EndGlobalSection
EndGlobal
